<?xml version="1.0" encoding="UTF-8"?>
<CodeBlocks_project_file>
	<FileVersion major="1" minor="6"/>
	<Project>
		<Option title="SDLPodstawa.exe"/>
		<Option makefile_is_custom="1"/>
		<Option compiler="gcc"/>
		<Option virtualFolders="CMake Files\;"/>
		<Build>
			<Target title="all">
				<Option working_dir="/home/wysockipatryk/ClionProjects/SDLPodstawa"/>
				<Option type="4"/>
				<MakeCommands>
					<Build command="/usr/bin/make -j2 -f &quot;/home/wysockipatryk/ClionProjects/SDLPodstawa/Makefile&quot;  VERBOSE=1 all"/>
					<CompileFile command="/usr/bin/make -j2 -f &quot;/home/wysockipatryk/ClionProjects/SDLPodstawa/Makefile&quot;  VERBOSE=1 &quot;$file&quot;"/>
					<Clean command="/usr/bin/make -j2 -f &quot;/home/wysockipatryk/ClionProjects/SDLPodstawa/Makefile&quot;  VERBOSE=1 clean"/>
					<DistClean command="/usr/bin/make -j2 -f &quot;/home/wysockipatryk/ClionProjects/SDLPodstawa/Makefile&quot;  VERBOSE=1 clean"/>
				</MakeCommands>
			</Target>
			<Target title="edit_cache">
				<Option working_dir="/home/wysockipatryk/ClionProjects/SDLPodstawa"/>
				<Option type="4"/>
				<MakeCommands>
					<Build command="/usr/bin/make -j2 -f &quot;/home/wysockipatryk/ClionProjects/SDLPodstawa/Makefile&quot;  VERBOSE=1 edit_cache"/>
					<CompileFile command="/usr/bin/make -j2 -f &quot;/home/wysockipatryk/ClionProjects/SDLPodstawa/Makefile&quot;  VERBOSE=1 &quot;$file&quot;"/>
					<Clean command="/usr/bin/make -j2 -f &quot;/home/wysockipatryk/ClionProjects/SDLPodstawa/Makefile&quot;  VERBOSE=1 clean"/>
					<DistClean command="/usr/bin/make -j2 -f &quot;/home/wysockipatryk/ClionProjects/SDLPodstawa/Makefile&quot;  VERBOSE=1 clean"/>
				</MakeCommands>
			</Target>
			<Target title="rebuild_cache">
				<Option working_dir="/home/wysockipatryk/ClionProjects/SDLPodstawa"/>
				<Option type="4"/>
				<MakeCommands>
					<Build command="/usr/bin/make -j2 -f &quot;/home/wysockipatryk/ClionProjects/SDLPodstawa/Makefile&quot;  VERBOSE=1 rebuild_cache"/>
					<CompileFile command="/usr/bin/make -j2 -f &quot;/home/wysockipatryk/ClionProjects/SDLPodstawa/Makefile&quot;  VERBOSE=1 &quot;$file&quot;"/>
					<Clean command="/usr/bin/make -j2 -f &quot;/home/wysockipatryk/ClionProjects/SDLPodstawa/Makefile&quot;  VERBOSE=1 clean"/>
					<DistClean command="/usr/bin/make -j2 -f &quot;/home/wysockipatryk/ClionProjects/SDLPodstawa/Makefile&quot;  VERBOSE=1 clean"/>
				</MakeCommands>
			</Target>
			<Target title="SDLPodstawa.exe">
				<Option output="/home/wysockipatryk/ClionProjects/SDLPodstawa/bin/SDLPodstawa.exe" prefix_auto="0" extension_auto="0"/>
				<Option working_dir="/home/wysockipatryk/ClionProjects/SDLPodstawa/bin"/>
				<Option object_output="./"/>
				<Option type="1"/>
				<Option compiler="gcc"/>
				<Compiler>
					<Add directory="/usr/include/SDL2"/>
					<Add directory="/home/wysockipatryk/ClionProjects/SDLPodstawa/."/>
					<Add directory="/usr/include/lua5.2"/>
					<Add directory="/usr/lib/gcc/x86_64-linux-gnu/5/include"/>
					<Add directory="/usr/local/include"/>
					<Add directory="/usr/lib/gcc/x86_64-linux-gnu/5/include-fixed"/>
					<Add directory="/usr/include/x86_64-linux-gnu"/>
					<Add directory="/usr/include"/>
					<Add directory="/usr/include/c++/5"/>
					<Add directory="/usr/include/x86_64-linux-gnu/c++/5"/>
					<Add directory="/usr/include/c++/5/backward"/>
				</Compiler>
				<MakeCommands>
					<Build command="/usr/bin/make -j2 -f &quot;/home/wysockipatryk/ClionProjects/SDLPodstawa/Makefile&quot;  VERBOSE=1 SDLPodstawa.exe"/>
					<CompileFile command="/usr/bin/make -j2 -f &quot;/home/wysockipatryk/ClionProjects/SDLPodstawa/Makefile&quot;  VERBOSE=1 &quot;$file&quot;"/>
					<Clean command="/usr/bin/make -j2 -f &quot;/home/wysockipatryk/ClionProjects/SDLPodstawa/Makefile&quot;  VERBOSE=1 clean"/>
					<DistClean command="/usr/bin/make -j2 -f &quot;/home/wysockipatryk/ClionProjects/SDLPodstawa/Makefile&quot;  VERBOSE=1 clean"/>
				</MakeCommands>
			</Target>
			<Target title="SDLPodstawa.exe/fast">
				<Option output="/home/wysockipatryk/ClionProjects/SDLPodstawa/bin/SDLPodstawa.exe" prefix_auto="0" extension_auto="0"/>
				<Option working_dir="/home/wysockipatryk/ClionProjects/SDLPodstawa/bin"/>
				<Option object_output="./"/>
				<Option type="1"/>
				<Option compiler="gcc"/>
				<Compiler>
					<Add directory="/usr/include/SDL2"/>
					<Add directory="/home/wysockipatryk/ClionProjects/SDLPodstawa/."/>
					<Add directory="/usr/include/lua5.2"/>
					<Add directory="/usr/lib/gcc/x86_64-linux-gnu/5/include"/>
					<Add directory="/usr/local/include"/>
					<Add directory="/usr/lib/gcc/x86_64-linux-gnu/5/include-fixed"/>
					<Add directory="/usr/include/x86_64-linux-gnu"/>
					<Add directory="/usr/include"/>
					<Add directory="/usr/include/c++/5"/>
					<Add directory="/usr/include/x86_64-linux-gnu/c++/5"/>
					<Add directory="/usr/include/c++/5/backward"/>
				</Compiler>
				<MakeCommands>
					<Build command="/usr/bin/make -j2 -f &quot;/home/wysockipatryk/ClionProjects/SDLPodstawa/Makefile&quot;  VERBOSE=1 SDLPodstawa.exe/fast"/>
					<CompileFile command="/usr/bin/make -j2 -f &quot;/home/wysockipatryk/ClionProjects/SDLPodstawa/Makefile&quot;  VERBOSE=1 &quot;$file&quot;"/>
					<Clean command="/usr/bin/make -j2 -f &quot;/home/wysockipatryk/ClionProjects/SDLPodstawa/Makefile&quot;  VERBOSE=1 clean"/>
					<DistClean command="/usr/bin/make -j2 -f &quot;/home/wysockipatryk/ClionProjects/SDLPodstawa/Makefile&quot;  VERBOSE=1 clean"/>
				</MakeCommands>
			</Target>
		</Build>
		<Unit filename="/home/wysockipatryk/ClionProjects/SDLPodstawa/Gra/Aktorzy/Actor.cpp">
			<Option target="SDLPodstawa.exe"/>
		</Unit>
		<Unit filename="/home/wysockipatryk/ClionProjects/SDLPodstawa/Gra/Aktorzy/Actor.h">
			<Option target="SDLPodstawa.exe"/>
		</Unit>
		<Unit filename="/home/wysockipatryk/ClionProjects/SDLPodstawa/Gra/Aktorzy/IRenderable.cpp">
			<Option target="SDLPodstawa.exe"/>
		</Unit>
		<Unit filename="/home/wysockipatryk/ClionProjects/SDLPodstawa/Gra/Aktorzy/IRenderable.h">
			<Option target="SDLPodstawa.exe"/>
		</Unit>
		<Unit filename="/home/wysockipatryk/ClionProjects/SDLPodstawa/Gra/Aktorzy/ITickable.cpp">
			<Option target="SDLPodstawa.exe"/>
		</Unit>
		<Unit filename="/home/wysockipatryk/ClionProjects/SDLPodstawa/Gra/Aktorzy/ITickable.h">
			<Option target="SDLPodstawa.exe"/>
		</Unit>
		<Unit filename="/home/wysockipatryk/ClionProjects/SDLPodstawa/Gra/Game.cpp">
			<Option target="SDLPodstawa.exe"/>
		</Unit>
		<Unit filename="/home/wysockipatryk/ClionProjects/SDLPodstawa/Gra/Game.h">
			<Option target="SDLPodstawa.exe"/>
		</Unit>
		<Unit filename="/home/wysockipatryk/ClionProjects/SDLPodstawa/Gra/InputManager.cpp">
			<Option target="SDLPodstawa.exe"/>
		</Unit>
		<Unit filename="/home/wysockipatryk/ClionProjects/SDLPodstawa/Gra/InputManager.h">
			<Option target="SDLPodstawa.exe"/>
		</Unit>
		<Unit filename="/home/wysockipatryk/ClionProjects/SDLPodstawa/Gra/Tekstury/TextureManager.cpp">
			<Option target="SDLPodstawa.exe"/>
		</Unit>
		<Unit filename="/home/wysockipatryk/ClionProjects/SDLPodstawa/Gra/Tekstury/TextureManager.h">
			<Option target="SDLPodstawa.exe"/>
		</Unit>
		<Unit filename="/home/wysockipatryk/ClionProjects/SDLPodstawa/main.cpp">
			<Option target="SDLPodstawa.exe"/>
		</Unit>
		<Unit filename="/home/wysockipatryk/ClionProjects/SDLPodstawa/CMakeLists.txt">
			<Option virtualFolder="CMake Files\"/>
		</Unit>
	</Project>
</CodeBlocks_project_file>
